
Microsoft Visual Studio Solution File, Format Version 12.00
# Visual Studio 2013
VisualStudioVersion = 12.0.20623.1 VSUPREVIEW
MinimumVisualStudioVersion = 10.0.40219.1
Project("{FAE04EC0-301F-11D3-BF4B-00C04F79EFBC}") = "WinChrome.Win7Demo", "WinChrome.Win7Demo\WinChrome.Win7Demo.csproj", "{82A6D6F3-864B-4A72-ADDB-79B8E0499F47}"
EndProject
Project("{FAE04EC0-301F-11D3-BF4B-00C04F79EFBC}") = "WinChrome", "WinChrome\WinChrome.csproj", "{35E73300-316B-48E8-8BC2-9B3569384161}"
EndProject
Project("{FAE04EC0-301F-11D3-BF4B-00C04F79EFBC}") = "Microsoft.Windows.Shell", "Microsoft.Windows.Shell\Microsoft.Windows.Shell.csproj", "{55D5297C-F1DF-4B76-A3C1-D82CC294EEBB}"
EndProject
Project("{2150E333-8FDC-42A3-9474-1A3956D46DE8}") = "NuSpec", "NuSpec", "{865D0EA7-33CB-4135-9974-14D046CE4263}"
	ProjectSection(SolutionItems) = preProject
		WinChrome.nuspec = WinChrome.nuspec
	EndProjectSection
EndProject
Project("{FAE04EC0-301F-11D3-BF4B-00C04F79EFBC}") = "WinChrome.VS2012Demo", "WinChrome.VS2012\WinChrome.VS2012Demo.csproj", "{DB585C88-B5A2-457E-86DB-B5D9A6398EE1}"
EndProject
Project("{FAE04EC0-301F-11D3-BF4B-00C04F79EFBC}") = "WinChrome.ModernDemo", "WinChrome.Modern\WinChrome.ModernDemo.csproj", "{79E199E3-6C53-4D2D-B134-F8059384D29A}"
EndProject
Project("{2150E333-8FDC-42A3-9474-1A3956D46DE8}") = "Demos", "Demos", "{E64ECFF4-48A1-4987-B966-485EB8A34AA6}"
EndProject
Global
	GlobalSection(SolutionConfigurationPlatforms) = preSolution
		Debug|Any CPU = Debug|Any CPU
		Debug|x86 = Debug|x86
		Release|Any CPU = Release|Any CPU
		Release|x86 = Release|x86
	EndGlobalSection
	GlobalSection(ProjectConfigurationPlatforms) = postSolution
		{82A6D6F3-864B-4A72-ADDB-79B8E0499F47}.Debug|Any CPU.ActiveCfg = Debug|Any CPU
		{82A6D6F3-864B-4A72-ADDB-79B8E0499F47}.Debug|Any CPU.Build.0 = Debug|Any CPU
		{82A6D6F3-864B-4A72-ADDB-79B8E0499F47}.Debug|x86.ActiveCfg = Debug|x86
		{82A6D6F3-864B-4A72-ADDB-79B8E0499F47}.Debug|x86.Build.0 = Debug|x86
		{82A6D6F3-864B-4A72-ADDB-79B8E0499F47}.Release|Any CPU.ActiveCfg = Release|Any CPU
		{82A6D6F3-864B-4A72-ADDB-79B8E0499F47}.Release|Any CPU.Build.0 = Release|Any CPU
		{82A6D6F3-864B-4A72-ADDB-79B8E0499F47}.Release|x86.ActiveCfg = Release|x86
		{82A6D6F3-864B-4A72-ADDB-79B8E0499F47}.Release|x86.Build.0 = Release|x86
		{35E73300-316B-48E8-8BC2-9B3569384161}.Debug|Any CPU.ActiveCfg = Debug|Any CPU
		{35E73300-316B-48E8-8BC2-9B3569384161}.Debug|Any CPU.Build.0 = Debug|Any CPU
		{35E73300-316B-48E8-8BC2-9B3569384161}.Debug|x86.ActiveCfg = Debug|Any CPU
		{35E73300-316B-48E8-8BC2-9B3569384161}.Release|Any CPU.ActiveCfg = Release|Any CPU
		{35E73300-316B-48E8-8BC2-9B3569384161}.Release|Any CPU.Build.0 = Release|Any CPU
		{35E73300-316B-48E8-8BC2-9B3569384161}.Release|x86.ActiveCfg = Release|Any CPU
		{55D5297C-F1DF-4B76-A3C1-D82CC294EEBB}.Debug|Any CPU.ActiveCfg = Debug|Any CPU
		{55D5297C-F1DF-4B76-A3C1-D82CC294EEBB}.Debug|Any CPU.Build.0 = Debug|Any CPU
		{55D5297C-F1DF-4B76-A3C1-D82CC294EEBB}.Debug|x86.ActiveCfg = Debug|x86
		{55D5297C-F1DF-4B76-A3C1-D82CC294EEBB}.Debug|x86.Build.0 = Debug|x86
		{55D5297C-F1DF-4B76-A3C1-D82CC294EEBB}.Release|Any CPU.ActiveCfg = Release|Any CPU
		{55D5297C-F1DF-4B76-A3C1-D82CC294EEBB}.Release|Any CPU.Build.0 = Release|Any CPU
		{55D5297C-F1DF-4B76-A3C1-D82CC294EEBB}.Release|x86.ActiveCfg = Release|x86
		{55D5297C-F1DF-4B76-A3C1-D82CC294EEBB}.Release|x86.Build.0 = Release|x86
		{DB585C88-B5A2-457E-86DB-B5D9A6398EE1}.Debug|Any CPU.ActiveCfg = Debug|Any CPU
		{DB585C88-B5A2-457E-86DB-B5D9A6398EE1}.Debug|Any CPU.Build.0 = Debug|Any CPU
		{DB585C88-B5A2-457E-86DB-B5D9A6398EE1}.Debug|x86.ActiveCfg = Debug|Any CPU
		{DB585C88-B5A2-457E-86DB-B5D9A6398EE1}.Release|Any CPU.ActiveCfg = Release|Any CPU
		{DB585C88-B5A2-457E-86DB-B5D9A6398EE1}.Release|Any CPU.Build.0 = Release|Any CPU
		{DB585C88-B5A2-457E-86DB-B5D9A6398EE1}.Release|x86.ActiveCfg = Release|Any CPU
		{79E199E3-6C53-4D2D-B134-F8059384D29A}.Debug|Any CPU.ActiveCfg = Debug|Any CPU
		{79E199E3-6C53-4D2D-B134-F8059384D29A}.Debug|Any CPU.Build.0 = Debug|Any CPU
		{79E199E3-6C53-4D2D-B134-F8059384D29A}.Debug|x86.ActiveCfg = Debug|x86
		{79E199E3-6C53-4D2D-B134-F8059384D29A}.Debug|x86.Build.0 = Debug|x86
		{79E199E3-6C53-4D2D-B134-F8059384D29A}.Release|Any CPU.ActiveCfg = Release|Any CPU
		{79E199E3-6C53-4D2D-B134-F8059384D29A}.Release|Any CPU.Build.0 = Release|Any CPU
		{79E199E3-6C53-4D2D-B134-F8059384D29A}.Release|x86.ActiveCfg = Release|x86
		{79E199E3-6C53-4D2D-B134-F8059384D29A}.Release|x86.Build.0 = Release|x86
	EndGlobalSection
	GlobalSection(SolutionProperties) = preSolution
		HideSolutionNode = FALSE
	EndGlobalSection
	GlobalSection(NestedProjects) = preSolution
		{DB585C88-B5A2-457E-86DB-B5D9A6398EE1} = {E64ECFF4-48A1-4987-B966-485EB8A34AA6}
		{79E199E3-6C53-4D2D-B134-F8059384D29A} = {E64ECFF4-48A1-4987-B966-485EB8A34AA6}
		{82A6D6F3-864B-4A72-ADDB-79B8E0499F47} = {E64ECFF4-48A1-4987-B966-485EB8A34AA6}
	EndGlobalSection
EndGlobal
